
Microsoft Visual Studio Solution File, Format Version 12.00
# Visual Studio Version 16
VisualStudioVersion = 16.0.32630.194
MinimumVisualStudioVersion = 10.0.40219.1
Project("{9A19103F-16F7-4668-BE54-9A1E7A4F7556}") = "ProductsInformation.Infrastructure", "ProductsInformation.Infrastructure\ProductsInformation.Infrastructure.csproj", "{7442DE49-4FE4-4A62-BB5C-EAA862443774}"
EndProject
Project("{9A19103F-16F7-4668-BE54-9A1E7A4F7556}") = "ProductsInformation.Domain", "ProductsInformation.Domain\ProductsInformation.Domain.csproj", "{66FDD79B-DAEA-4BBD-95FC-3E8C89094E17}"
EndProject
Project("{9A19103F-16F7-4668-BE54-9A1E7A4F7556}") = "ProductsInformation.Api", "ProductsInformation.Api\ProductsInformation.Api.csproj", "{6DB84840-9244-4257-808D-0778ED8873D0}"
EndProject
Project("{9A19103F-16F7-4668-BE54-9A1E7A4F7556}") = "ProductsInformation.Application", "ProductsInformation.Application\ProductsInformation.Application.csproj", "{6DDCF0E5-7D8B-4C66-8374-4329EDF98F5A}"
EndProject
Project("{2150E333-8FDC-42A3-9474-1A3956D46DE8}") = "Test", "Test", "{32AD1FC1-84B0-43E2-A314-EEC1D8450DE5}"
EndProject
Global
	GlobalSection(SolutionConfigurationPlatforms) = preSolution
		Debug|Any CPU = Debug|Any CPU
		Release|Any CPU = Release|Any CPU
	EndGlobalSection
	GlobalSection(ProjectConfigurationPlatforms) = postSolution
		{7442DE49-4FE4-4A62-BB5C-EAA862443774}.Debug|Any CPU.ActiveCfg = Debug|Any CPU
		{7442DE49-4FE4-4A62-BB5C-EAA862443774}.Debug|Any CPU.Build.0 = Debug|Any CPU
		{7442DE49-4FE4-4A62-BB5C-EAA862443774}.Release|Any CPU.ActiveCfg = Release|Any CPU
		{7442DE49-4FE4-4A62-BB5C-EAA862443774}.Release|Any CPU.Build.0 = Release|Any CPU
		{66FDD79B-DAEA-4BBD-95FC-3E8C89094E17}.Debug|Any CPU.ActiveCfg = Debug|Any CPU
		{66FDD79B-DAEA-4BBD-95FC-3E8C89094E17}.Debug|Any CPU.Build.0 = Debug|Any CPU
		{66FDD79B-DAEA-4BBD-95FC-3E8C89094E17}.Release|Any CPU.ActiveCfg = Release|Any CPU
		{66FDD79B-DAEA-4BBD-95FC-3E8C89094E17}.Release|Any CPU.Build.0 = Release|Any CPU
		{6DB84840-9244-4257-808D-0778ED8873D0}.Debug|Any CPU.ActiveCfg = Debug|Any CPU
		{6DB84840-9244-4257-808D-0778ED8873D0}.Debug|Any CPU.Build.0 = Debug|Any CPU
		{6DB84840-9244-4257-808D-0778ED8873D0}.Release|Any CPU.ActiveCfg = Release|Any CPU
		{6DB84840-9244-4257-808D-0778ED8873D0}.Release|Any CPU.Build.0 = Release|Any CPU
		{6DDCF0E5-7D8B-4C66-8374-4329EDF98F5A}.Debug|Any CPU.ActiveCfg = Debug|Any CPU
		{6DDCF0E5-7D8B-4C66-8374-4329EDF98F5A}.Debug|Any CPU.Build.0 = Debug|Any CPU
		{6DDCF0E5-7D8B-4C66-8374-4329EDF98F5A}.Release|Any CPU.ActiveCfg = Release|Any CPU
		{6DDCF0E5-7D8B-4C66-8374-4329EDF98F5A}.Release|Any CPU.Build.0 = Release|Any CPU
	EndGlobalSection
	GlobalSection(SolutionProperties) = preSolution
		HideSolutionNode = FALSE
	EndGlobalSection
	GlobalSection(ExtensibilityGlobals) = postSolution
		SolutionGuid = {64CE7A86-0B79-4771-B538-963FB41910B1}
	EndGlobalSection
EndGlobal
